// !$*UTF8*$!
{
	archiveVersion = 1;
	classes = {
	};
	objectVersion = 54;
	objects = {

/* Begin PBXBuildFile section */
		BABB71F8264B2CCB00630819 /* AppDelegate.swift in Sources */ = {isa = PBXBuildFile; fileRef = BABB71F7264B2CCB00630819 /* AppDelegate.swift */; };
		BABB71FA264B2CCB00630819 /* SceneDelegate.swift in Sources */ = {isa = PBXBuildFile; fileRef = BABB71F9264B2CCB00630819 /* SceneDelegate.swift */; };
		BABB71FC264B2CCB00630819 /* ViewController.swift in Sources */ = {isa = PBXBuildFile; fileRef = BABB71FB264B2CCB00630819 /* ViewController.swift */; };
		BABB71FF264B2CCB00630819 /* Main.storyboard in Resources */ = {isa = PBXBuildFile; fileRef = BABB71FD264B2CCB00630819 /* Main.storyboard */; };
		BABB7201264B2CCF00630819 /* Assets.xcassets in Resources */ = {isa = PBXBuildFile; fileRef = BABB7200264B2CCF00630819 /* Assets.xcassets */; };
		BABB7204264B2CCF00630819 /* LaunchScreen.storyboard in Resources */ = {isa = PBXBuildFile; fileRef = BABB7202264B2CCF00630819 /* LaunchScreen.storyboard */; };
/* End PBXBuildFile section */

/* Begin PBXFileReference section */
		BABB71F4264B2CCB00630819 /* subject_6.app */ = {isa = PBXFileReference; explicitFileType = wrapper.application; includeInIndex = 0; path = subject_6.app; sourceTree = BUILT_PRODUCTS_DIR; };
		BABB71F7264B2CCB00630819 /* AppDelegate.swift */ = {isa = PBXFileReference; lastKnownFileType = sourcecode.swift; path = AppDelegate.swift; sourceTree = "<group>"; };
		BABB71F9264B2CCB00630819 /* SceneDelegate.swift */ = {isa = PBXFileReference; lastKnownFileType = sourcecode.swift; path = SceneDelegate.swift; sourceTree = "<group>"; };
		BABB71FB264B2CCB00630819 /* ViewController.swift */ = {isa = PBXFileReference; lastKnownFileType = sourcecode.swift; path = ViewController.swift; sourceTree = "<group>"; };
		BABB71FE264B2CCB00630819 /* Base */ = {isa = PBXFileReference; lastKnownFileType = file.storyboard; name = Base; path = Base.lproj/Main.storyboard; sourceTree = "<group>"; };
		BABB7200264B2CCF00630819 /* Assets.xcassets */ = {isa = PBXFileReference; lastKnownFileType = folder.assetcatalog; path = Assets.xcassets; sourceTree = "<group>"; };
		BABB7203264B2CCF00630819 /* Base */ = {isa = PBXFileReference; lastKnownFileType = file.storyboard; name = Base; path = Base.lproj/LaunchScreen.storyboard; sourceTree = "<group>"; };
		BABB7205264B2CCF00630819 /* Info.plist */ = {isa = PBXFileReference; lastKnownFileType = text.plist.xml; path = Info.plist; sourceTree = "<group>"; };
/* End PBXFileReference section */

/* Begin PBXFrameworksBuildPhase section */
		BABB71F1264B2CCB00630819 /* Frameworks */ = {
			isa = PBXFrameworksBuildPhase;
			buildActionMask = 2147483647;
			files = (
			);
			runOnlyForDeploymentPostprocessing = 0;
		};
/* End PBXFrameworksBuildPhase section */

/* Begin PBXGroup section */
		BABB71EB264B2CCB00630819 = {
			isa = PBXGroup;
			children = (
				BABB71F6264B2CCB00630819 /* subject_6 */,
				BABB71F5264B2CCB00630819 /* Products */,
			);
			sourceTree = "<group>";
		};
		BABB71F5264B2CCB00630819 /* Products */ = {
			isa = PBXGroup;
			children = (
				BABB71F4264B2CCB00630819 /* subject_6.app */,
			);
			name = Products;
			sourceTree = "<group>";
		};
		BABB71F6264B2CCB00630819 /* subject_6 */ = {
			isa = PBXGroup;
			children = (
				BABB71F7264B2CCB00630819 /* AppDelegate.swift */,
				BABB71F9264B2CCB00630819 /* SceneDelegate.swift */,
				BABB71FB264B2CCB00630819 /* ViewController.swift */,
				BABB71FD264B2CCB00630819 /* Main.storyboard */,
				BABB7200264B2CCF00630819 /* Assets.xcassets */,
				BABB7202264B2CCF00630819 /* LaunchScreen.storyboard */,
				BABB7205264B2CCF00630819 /* Info.plist */,
			);
			path = subject_6;
			sourceTree = "<group>";
		};
/* End PBXGroup section */

/* Begin PBXNativeTarget section */
		BABB71F3264B2CCB00630819 /* subject_6 */ = {
			isa = PBXNativeTarget;
			buildConfigurationList = BABB7208264B2CCF00630819 /* Build configuration list for PBXNativeTarget "subject_6" */;
			buildPhases = (
				BABB71F0264B2CCB00630819 /* Sources */,
				BABB71F1264B2CCB00630819 /* Frameworks */,
				BABB71F2264B2CCB00630819 /* Resources */,
				BABB720B264B4BD400630819 /* ShellScript */,
			);
			buildRules = (
			);
			dependencies = (
			);
			name = subject_6;
			productName = subject_6;
			productReference = BABB71F4264B2CCB00630819 /* subject_6.app */;
			productType = "com.apple.product-type.application";
		};
/* End PBXNativeTarget section */

/* Begin PBXProject section */
		BABB71EC264B2CCB00630819 /* Project object */ = {
			isa = PBXProject;
			attributes = {
				LastSwiftUpdateCheck = 1250;
				LastUpgradeCheck = 1250;
				TargetAttributes = {
					BABB71F3264B2CCB00630819 = {
						CreatedOnToolsVersion = 12.5;
					};
				};
			};
			buildConfigurationList = BABB71EF264B2CCB00630819 /* Build configuration list for PBXProject "subject_6" */;
			compatibilityVersion = "Xcode 9.3";
			developmentRegion = en;
			hasScannedForEncodings = 0;
			knownRegions = (
				en,
				Base,
			);
			mainGroup = BABB71EB264B2CCB00630819;
			productRefGroup = BABB71F5264B2CCB00630819 /* Products */;
			projectDirPath = "";
			projectRoot = "";
			targets = (
				BABB71F3264B2CCB00630819 /* subject_6 */,
			);
		};
/* End PBXProject section */

/* Begin PBXResourcesBuildPhase section */
		BABB71F2264B2CCB00630819 /* Resources */ = {
			isa = PBXResourcesBuildPhase;
			buildActionMask = 2147483647;
			files = (
				BABB7204264B2CCF00630819 /* LaunchScreen.storyboard in Resources */,
				BABB7201264B2CCF00630819 /* Assets.xcassets in Resources */,
				BABB71FF264B2CCB00630819 /* Main.storyboard in Resources */,
			);
			runOnlyForDeploymentPostprocessing = 0;
		};
/* End PBXResourcesBuildPhase section */

/* Begin PBXShellScriptBuildPhase section */
		BABB720B264B4BD400630819 /* ShellScript */ = {
			isa = PBXShellScriptBuildPhase;
			alwaysOutOfDate = 1;
			buildActionMask = 2147483647;
			files = (
			);
			inputFileListPaths = (
			);
			inputPaths = (
			);
			outputFileListPaths = (
			);
			outputPaths = (
			);
			runOnlyForDeploymentPostprocessing = 0;
			shellPath = /bin/sh;
			shellScript = "# Type a script or drag a script file from your workspace to insert its path.\nif which swiftlint >/dev/null; then\n  swiftlint\nelse\n  echo \"warning: SwiftLint not installed, download from https://github.com/realm/SwiftLint\"\nfi\n";
		};
/* End PBXShellScriptBuildPhase section */

/* Begin PBXSourcesBuildPhase section */
		BABB71F0264B2CCB00630819 /* Sources */ = {
			isa = PBXSourcesBuildPhase;
			buildActionMask = 2147483647;
			files = (
				BABB71FC264B2CCB00630819 /* ViewController.swift in Sources */,
				BABB71F8264B2CCB00630819 /* AppDelegate.swift in Sources */,
				BABB71FA264B2CCB00630819 /* SceneDelegate.swift in Sources */,
			);
			runOnlyForDeploymentPostprocessing = 0;
		};
/* End PBXSourcesBuildPhase section */

/* Begin PBXVariantGroup section */
		BABB71FD264B2CCB00630819 /* Main.storyboard */ = {
			isa = PBXVariantGroup;
			children = (
				BABB71FE264B2CCB00630819 /* Base */,
			);
			name = Main.storyboard;
			sourceTree = "<group>";
		};
		BABB7202264B2CCF00630819 /* LaunchScreen.storyboard */ = {
			isa = PBXVariantGroup;
			children = (
				BABB7203264B2CCF00630819 /* Base */,
			);
			name = LaunchScreen.storyboard;
			sourceTree = "<group>";
		};
/* End PBXVariantGroup section */

/* Begin XCBuildConfiguration section */
		BABB7206264B2CCF00630819 /* Debug */ = {
			isa = XCBuildConfiguration;
			buildSettings = {
				ALWAYS_SEARCH_USER_PATHS = NO;
				CLANG_ANALYZER_NONNULL = YES;
				CLANG_ANALYZER_NUMBER_OBJECT_CONVERSION = YES_AGGRESSIVE;
				CLANG_CXX_LANGUAGE_STANDARD = "gnu++14";
				CLANG_CXX_LIBRARY = "libc++";
				CLANG_ENABLE_MODULES = YES;
				CLANG_ENABLE_OBJC_ARC = YES;
				CLANG_ENABLE_OBJC_WEAK = YES;
				CLANG_WARN_BLOCK_CAPTURE_AUTORELEASING = YES;
				CLANG_WARN_BOOL_CONVERSION = YES;
				CLANG_WARN_COMMA = YES;
				CLANG_WARN_CONSTANT_CONVERSION = YES;
				CLANG_WARN_DEPRECATED_OBJC_IMPLEMENTATIONS = YES;
				CLANG_WARN_DIRECT_OBJC_ISA_USAGE = YES_ERROR;
				CLANG_WARN_DOCUMENTATION_COMMENTS = YES;
				CLANG_WARN_EMPTY_BODY = YES;
				CLANG_WARN_ENUM_CONVERSION = YES;
				CLANG_WARN_INFINITE_RECURSION = YES;
				CLANG_WARN_INT_CONVERSION = YES;
				CLANG_WARN_NON_LITERAL_NULL_CONVERSION = YES;
				CLANG_WARN_OBJC_IMPLICIT_RETAIN_SELF = YES;
				CLANG_WARN_OBJC_LITERAL_CONVERSION = YES;
				CLANG_WARN_OBJC_ROOT_CLASS = YES_ERROR;
				CLANG_WARN_QUOTED_INCLUDE_IN_FRAMEWORK_HEADER = YES;
				CLANG_WARN_RANGE_LOOP_ANALYSIS = YES;
				CLANG_WARN_STRICT_PROTOTYPES = YES;
				CLANG_WARN_SUSPICIOUS_MOVE = YES;
				CLANG_WARN_UNGUARDED_AVAILABILITY = YES_AGGRESSIVE;
				CLANG_WARN_UNREACHABLE_CODE = YES;
				CLANG_WARN__DUPLICATE_METHOD_MATCH = YES;
				COPY_PHASE_STRIP = NO;
				DEBUG_INFORMATION_FORMAT = dwarf;
				ENABLE_STRICT_OBJC_MSGSEND = YES;
				ENABLE_TESTABILITY = YES;
				GCC_C_LANGUAGE_STANDARD = gnu11;
				GCC_DYNAMIC_NO_PIC = NO;
				GCC_NO_COMMON_BLOCKS = YES;
				GCC_OPTIMIZATION_LEVEL = 0;
				GCC_PREPROCESSOR_DEFINITIONS = (
					"DEBUG=1",
					"$(inherited)",
				);
				GCC_WARN_64_TO_32_BIT_CONVERSION = YES;
				GCC_WARN_ABOUT_RETURN_TYPE = YES_ERROR;
				GCC_WARN_UNDECLARED_SELECTOR = YES;
				GCC_WARN_UNINITIALIZED_AUTOS = YES_AGGRESSIVE;
				GCC_WARN_UNUSED_FUNCTION = YES;
				GCC_WARN_UNUSED_VARIABLE = YES;
				IPHONEOS_DEPLOYMENT_TARGET = 14.5;
				MTL_ENABLE_DEBUG_INFO = INCLUDE_SOURCE;
				MTL_FAST_MATH = YES;
				ONLY_ACTIVE_ARCH = YES;
				SDKROOT = iphoneos;
				SWIFT_ACTIVE_COMPILATION_CONDITIONS = DEBUG;
				SWIFT_OPTIMIZATION_LEVEL = "-Onone";
			};
			name = Debug;
		};
		BABB7207264B2CCF00630819 /* Release */ = {
			isa = XCBuildConfiguration;
			buildSettings = {
				ALWAYS_SEARCH_USER_PATHS = NO;
				CLANG_ANALYZER_NONNULL = YES;
				CLANG_ANALYZER_NUMBER_OBJECT_CONVERSION = YES_AGGRESSIVE;
				CLANG_CXX_LANGUAGE_STANDARD = "gnu++14";
				CLANG_CXX_LIBRARY = "libc++";
				CLANG_ENABLE_MODULES = YES;
				CLANG_ENABLE_OBJC_ARC = YES;
				CLANG_ENABLE_OBJC_WEAK = YES;
				CLANG_WARN_BLOCK_CAPTURE_AUTORELEASING = YES;
				CLANG_WARN_BOOL_CONVERSION = YES;
				CLANG_WARN_COMMA = YES;
				CLANG_WARN_CONSTANT_CONVERSION = YES;
				CLANG_WARN_DEPRECATED_OBJC_IMPLEMENTATIONS = YES;
				CLANG_WARN_DIRECT_OBJC_ISA_USAGE = YES_ERROR;
				CLANG_WARN_DOCUMENTATION_COMMENTS = YES;
				CLANG_WARN_EMPTY_BODY = YES;
				CLANG_WARN_ENUM_CONVERSION = YES;
				CLANG_WARN_INFINITE_RECURSION = YES;
				CLANG_WARN_INT_CONVERSION = YES;
				CLANG_WARN_NON_LITERAL_NULL_CONVERSION = YES;
				CLANG_WARN_OBJC_IMPLICIT_RETAIN_SELF = YES;
				CLANG_WARN_OBJC_LITERAL_CONVERSION = YES;
				CLANG_WARN_OBJC_ROOT_CLASS = YES_ERROR;
				CLANG_WARN_QUOTED_INCLUDE_IN_FRAMEWORK_HEADER = YES;
				CLANG_WARN_RANGE_LOOP_ANALYSIS = YES;
				CLANG_WARN_STRICT_PROTOTYPES = YES;
				CLANG_WARN_SUSPICIOUS_MOVE = YES;
				CLANG_WARN_UNGUARDED_AVAILABILITY = YES_AGGRESSIVE;
				CLANG_WARN_UNREACHABLE_CODE = YES;
				CLANG_WARN__DUPLICATE_METHOD_MATCH = YES;
				COPY_PHASE_STRIP = NO;
				DEBUG_INFORMATION_FORMAT = "dwarf-with-dsym";
				ENABLE_NS_ASSERTIONS = NO;
				ENABLE_STRICT_OBJC_MSGSEND = YES;
				GCC_C_LANGUAGE_STANDARD = gnu11;
				GCC_NO_COMMON_BLOCKS = YES;
				GCC_WARN_64_TO_32_BIT_CONVERSION = YES;
				GCC_WARN_ABOUT_RETURN_TYPE = YES_ERROR;
				GCC_WARN_UNDECLARED_SELECTOR = YES;
				GCC_WARN_UNINITIALIZED_AUTOS = YES_AGGRESSIVE;
				GCC_WARN_UNUSED_FUNCTION = YES;
				GCC_WARN_UNUSED_VARIABLE = YES;
				IPHONEOS_DEPLOYMENT_TARGET = 14.5;
				MTL_ENABLE_DEBUG_INFO = NO;
				MTL_FAST_MATH = YES;
				SDKROOT = iphoneos;
				SWIFT_COMPILATION_MODE = wholemodule;
				SWIFT_OPTIMIZATION_LEVEL = "-O";
				VALIDATE_PRODUCT = YES;
			};
			name = Release;
		};
		BABB7209264B2CCF00630819 /* Debug */ = {
			isa = XCBuildConfiguration;
			buildSettings = {
				ASSETCATALOG_COMPILER_APPICON_NAME = AppIcon;
				ASSETCATALOG_COMPILER_GLOBAL_ACCENT_COLOR_NAME = AccentColor;
				CODE_SIGN_STYLE = Automatic;
				DEVELOPMENT_TEAM = T74T7UNB27;
				INFOPLIST_FILE = subject_6/Info.plist;
				LD_RUNPATH_SEARCH_PATHS = (
					"$(inherited)",
					"@executable_path/Frameworks",
				);
				PRODUCT_BUNDLE_IDENTIFIER = "ponta410422-icloud.com.subject-6";
				PRODUCT_NAME = "$(TARGET_NAME)";
				SWIFT_VERSION = 5.0;
				TARGETED_DEVICE_FAMILY = "1,2";
			};
			name = Debug;
		};
		BABB720A264B2CCF00630819 /* Release */ = {
			isa = XCBuildConfiguration;
			buildSettings = {
				ASSETCATALOG_COMPILER_APPICON_NAME = AppIcon;
				ASSETCATALOG_COMPILER_GLOBAL_ACCENT_COLOR_NAME = AccentColor;
				CODE_SIGN_STYLE = Automatic;
				DEVELOPMENT_TEAM = T74T7UNB27;
				INFOPLIST_FILE = subject_6/Info.plist;
				LD_RUNPATH_SEARCH_PATHS = (
					"$(inherited)",
					"@executable_path/Frameworks",
				);
				PRODUCT_BUNDLE_IDENTIFIER = "ponta410422-icloud.com.subject-6";
				PRODUCT_NAME = "$(TARGET_NAME)";
				SWIFT_VERSION = 5.0;
				TARGETED_DEVICE_FAMILY = "1,2";
			};
			name = Release;
		};
/* End XCBuildConfiguration section */

/* Begin XCConfigurationList section */
		BABB71EF264B2CCB00630819 /* Build configuration list for PBXProject "subject_6" */ = {
			isa = XCConfigurationList;
			buildConfigurations = (
				BABB7206264B2CCF00630819 /* Debug */,
				BABB7207264B2CCF00630819 /* Release */,
			);
			defaultConfigurationIsVisible = 0;
			defaultConfigurationName = Release;
		};
		BABB7208264B2CCF00630819 /* Build configuration list for PBXNativeTarget "subject_6" */ = {
			isa = XCConfigurationList;
			buildConfigurations = (
				BABB7209264B2CCF00630819 /* Debug */,
				BABB720A264B2CCF00630819 /* Release */,
			);
			defaultConfigurationIsVisible = 0;
			defaultConfigurationName = Release;
		};
/* End XCConfigurationList section */
	};
	rootObject = BABB71EC264B2CCB00630819 /* Project object */;
}
